// !$*UTF8*$!
{
	archiveVersion = 1;
	classes = {
	};
	objectVersion = 48;
	objects = {

/* Begin PBXBuildFile section */
		53DC561D1FDB9425008FEC1F /* AppDelegate.swift in Sources */ = {isa = PBXBuildFile; fileRef = 53DC561C1FDB9425008FEC1F /* AppDelegate.swift */; };
		53DC561F1FDB9425008FEC1F /* MasterViewController.swift in Sources */ = {isa = PBXBuildFile; fileRef = 53DC561E1FDB9425008FEC1F /* MasterViewController.swift */; };
		53DC56211FDB9425008FEC1F /* DetailViewController.swift in Sources */ = {isa = PBXBuildFile; fileRef = 53DC56201FDB9425008FEC1F /* DetailViewController.swift */; };
		53DC56241FDB9425008FEC1F /* Main.storyboard in Resources */ = {isa = PBXBuildFile; fileRef = 53DC56221FDB9425008FEC1F /* Main.storyboard */; };
		53DC56261FDB9425008FEC1F /* Assets.xcassets in Resources */ = {isa = PBXBuildFile; fileRef = 53DC56251FDB9425008FEC1F /* Assets.xcassets */; };
		53DC56291FDB9425008FEC1F /* LaunchScreen.storyboard in Resources */ = {isa = PBXBuildFile; fileRef = 53DC56271FDB9425008FEC1F /* LaunchScreen.storyboard */; };
		53DC56341FDB9425008FEC1F /* StarRezTests.swift in Sources */ = {isa = PBXBuildFile; fileRef = 53DC56331FDB9425008FEC1F /* StarRezTests.swift */; };
		53DC563F1FDB9425008FEC1F /* StarRezUITests.swift in Sources */ = {isa = PBXBuildFile; fileRef = 53DC563E1FDB9425008FEC1F /* StarRezUITests.swift */; };
/* End PBXBuildFile section */

/* Begin PBXContainerItemProxy section */
		53DC56301FDB9425008FEC1F /* PBXContainerItemProxy */ = {
			isa = PBXContainerItemProxy;
			containerPortal = 53DC56111FDB9425008FEC1F /* Project object */;
			proxyType = 1;
			remoteGlobalIDString = 53DC56181FDB9425008FEC1F;
			remoteInfo = StarRez;
		};
		53DC563B1FDB9425008FEC1F /* PBXContainerItemProxy */ = {
			isa = PBXContainerItemProxy;
			containerPortal = 53DC56111FDB9425008FEC1F /* Project object */;
			proxyType = 1;
			remoteGlobalIDString = 53DC56181FDB9425008FEC1F;
			remoteInfo = StarRez;
		};
/* End PBXContainerItemProxy section */

/* Begin PBXFileReference section */
		53DC56191FDB9425008FEC1F /* StarRez.app */ = {isa = PBXFileReference; explicitFileType = wrapper.application; includeInIndex = 0; path = StarRez.app; sourceTree = BUILT_PRODUCTS_DIR; };
		53DC561C1FDB9425008FEC1F /* AppDelegate.swift */ = {isa = PBXFileReference; lastKnownFileType = sourcecode.swift; path = AppDelegate.swift; sourceTree = "<group>"; };
		53DC561E1FDB9425008FEC1F /* MasterViewController.swift */ = {isa = PBXFileReference; lastKnownFileType = sourcecode.swift; path = MasterViewController.swift; sourceTree = "<group>"; };
		53DC56201FDB9425008FEC1F /* DetailViewController.swift */ = {isa = PBXFileReference; lastKnownFileType = sourcecode.swift; path = DetailViewController.swift; sourceTree = "<group>"; };
		53DC56231FDB9425008FEC1F /* Base */ = {isa = PBXFileReference; lastKnownFileType = file.storyboard; name = Base; path = Base.lproj/Main.storyboard; sourceTree = "<group>"; };
		53DC56251FDB9425008FEC1F /* Assets.xcassets */ = {isa = PBXFileReference; lastKnownFileType = folder.assetcatalog; path = Assets.xcassets; sourceTree = "<group>"; };
		53DC56281FDB9425008FEC1F /* Base */ = {isa = PBXFileReference; lastKnownFileType = file.storyboard; name = Base; path = Base.lproj/LaunchScreen.storyboard; sourceTree = "<group>"; };
		53DC562A1FDB9425008FEC1F /* Info.plist */ = {isa = PBXFileReference; lastKnownFileType = text.plist.xml; path = Info.plist; sourceTree = "<group>"; };
		53DC562F1FDB9425008FEC1F /* StarRezTests.xctest */ = {isa = PBXFileReference; explicitFileType = wrapper.cfbundle; includeInIndex = 0; path = StarRezTests.xctest; sourceTree = BUILT_PRODUCTS_DIR; };
		53DC56331FDB9425008FEC1F /* StarRezTests.swift */ = {isa = PBXFileReference; lastKnownFileType = sourcecode.swift; path = StarRezTests.swift; sourceTree = "<group>"; };
		53DC56351FDB9425008FEC1F /* Info.plist */ = {isa = PBXFileReference; lastKnownFileType = text.plist.xml; path = Info.plist; sourceTree = "<group>"; };
		53DC563A1FDB9425008FEC1F /* StarRezUITests.xctest */ = {isa = PBXFileReference; explicitFileType = wrapper.cfbundle; includeInIndex = 0; path = StarRezUITests.xctest; sourceTree = BUILT_PRODUCTS_DIR; };
		53DC563E1FDB9425008FEC1F /* StarRezUITests.swift */ = {isa = PBXFileReference; lastKnownFileType = sourcecode.swift; path = StarRezUITests.swift; sourceTree = "<group>"; };
		53DC56401FDB9425008FEC1F /* Info.plist */ = {isa = PBXFileReference; lastKnownFileType = text.plist.xml; path = Info.plist; sourceTree = "<group>"; };
/* End PBXFileReference section */

/* Begin PBXFrameworksBuildPhase section */
		53DC56161FDB9425008FEC1F /* Frameworks */ = {
			isa = PBXFrameworksBuildPhase;
			buildActionMask = 2147483647;
			files = (
			);
			runOnlyForDeploymentPostprocessing = 0;
		};
		53DC562C1FDB9425008FEC1F /* Frameworks */ = {
			isa = PBXFrameworksBuildPhase;
			buildActionMask = 2147483647;
			files = (
			);
			runOnlyForDeploymentPostprocessing = 0;
		};
		53DC56371FDB9425008FEC1F /* Frameworks */ = {
			isa = PBXFrameworksBuildPhase;
			buildActionMask = 2147483647;
			files = (
			);
			runOnlyForDeploymentPostprocessing = 0;
		};
/* End PBXFrameworksBuildPhase section */

/* Begin PBXGroup section */
		53DC56101FDB9425008FEC1F = {
			isa = PBXGroup;
			children = (
				53DC561B1FDB9425008FEC1F /* StarRez */,
				53DC56321FDB9425008FEC1F /* StarRezTests */,
				53DC563D1FDB9425008FEC1F /* StarRezUITests */,
				53DC561A1FDB9425008FEC1F /* Products */,
			);
			sourceTree = "<group>";
		};
		53DC561A1FDB9425008FEC1F /* Products */ = {
			isa = PBXGroup;
			children = (
				53DC56191FDB9425008FEC1F /* StarRez.app */,
				53DC562F1FDB9425008FEC1F /* StarRezTests.xctest */,
				53DC563A1FDB9425008FEC1F /* StarRezUITests.xctest */,
			);
			name = Products;
			sourceTree = "<group>";
		};
		53DC561B1FDB9425008FEC1F /* StarRez */ = {
			isa = PBXGroup;
			children = (
				53DC561C1FDB9425008FEC1F /* AppDelegate.swift */,
				53DC561E1FDB9425008FEC1F /* MasterViewController.swift */,
				53DC56201FDB9425008FEC1F /* DetailViewController.swift */,
				53DC56221FDB9425008FEC1F /* Main.storyboard */,
				53DC56251FDB9425008FEC1F /* Assets.xcassets */,
				53DC56271FDB9425008FEC1F /* LaunchScreen.storyboard */,
				53DC562A1FDB9425008FEC1F /* Info.plist */,
			);
			path = StarRez;
			sourceTree = "<group>";
		};
		53DC56321FDB9425008FEC1F /* StarRezTests */ = {
			isa = PBXGroup;
			children = (
				53DC56331FDB9425008FEC1F /* StarRezTests.swift */,
				53DC56351FDB9425008FEC1F /* Info.plist */,
			);
			path = StarRezTests;
			sourceTree = "<group>";
		};
		53DC563D1FDB9425008FEC1F /* StarRezUITests */ = {
			isa = PBXGroup;
			children = (
				53DC563E1FDB9425008FEC1F /* StarRezUITests.swift */,
				53DC56401FDB9425008FEC1F /* Info.plist */,
			);
			path = StarRezUITests;
			sourceTree = "<group>";
		};
/* End PBXGroup section */

/* Begin PBXNativeTarget section */
		53DC56181FDB9425008FEC1F /* StarRez */ = {
			isa = PBXNativeTarget;
			buildConfigurationList = 53DC56431FDB9425008FEC1F /* Build configuration list for PBXNativeTarget "StarRez" */;
			buildPhases = (
				53DC56151FDB9425008FEC1F /* Sources */,
				53DC56161FDB9425008FEC1F /* Frameworks */,
				53DC56171FDB9425008FEC1F /* Resources */,
			);
			buildRules = (
			);
			dependencies = (
			);
			name = StarRez;
			productName = StarRez;
			productReference = 53DC56191FDB9425008FEC1F /* StarRez.app */;
			productType = "com.apple.product-type.application";
		};
		53DC562E1FDB9425008FEC1F /* StarRezTests */ = {
			isa = PBXNativeTarget;
			buildConfigurationList = 53DC56461FDB9425008FEC1F /* Build configuration list for PBXNativeTarget "StarRezTests" */;
			buildPhases = (
				53DC562B1FDB9425008FEC1F /* Sources */,
				53DC562C1FDB9425008FEC1F /* Frameworks */,
				53DC562D1FDB9425008FEC1F /* Resources */,
			);
			buildRules = (
			);
			dependencies = (
				53DC56311FDB9425008FEC1F /* PBXTargetDependency */,
			);
			name = StarRezTests;
			productName = StarRezTests;
			productReference = 53DC562F1FDB9425008FEC1F /* StarRezTests.xctest */;
			productType = "com.apple.product-type.bundle.unit-test";
		};
		53DC56391FDB9425008FEC1F /* StarRezUITests */ = {
			isa = PBXNativeTarget;
			buildConfigurationList = 53DC56491FDB9425008FEC1F /* Build configuration list for PBXNativeTarget "StarRezUITests" */;
			buildPhases = (
				53DC56361FDB9425008FEC1F /* Sources */,
				53DC56371FDB9425008FEC1F /* Frameworks */,
				53DC56381FDB9425008FEC1F /* Resources */,
			);
			buildRules = (
			);
			dependencies = (
				53DC563C1FDB9425008FEC1F /* PBXTargetDependency */,
			);
			name = StarRezUITests;
			productName = StarRezUITests;
			productReference = 53DC563A1FDB9425008FEC1F /* StarRezUITests.xctest */;
			productType = "com.apple.product-type.bundle.ui-testing";
		};
/* End PBXNativeTarget section */

/* Begin PBXProject section */
		53DC56111FDB9425008FEC1F /* Project object */ = {
			isa = PBXProject;
			attributes = {
				LastSwiftUpdateCheck = 0910;
				LastUpgradeCheck = 0910;
				ORGANIZATIONNAME = gj3;
				TargetAttributes = {
					53DC56181FDB9425008FEC1F = {
						CreatedOnToolsVersion = 9.1;
						ProvisioningStyle = Automatic;
					};
					53DC562E1FDB9425008FEC1F = {
						CreatedOnToolsVersion = 9.1;
						ProvisioningStyle = Automatic;
						TestTargetID = 53DC56181FDB9425008FEC1F;
					};
					53DC56391FDB9425008FEC1F = {
						CreatedOnToolsVersion = 9.1;
						ProvisioningStyle = Automatic;
						TestTargetID = 53DC56181FDB9425008FEC1F;
					};
				};
			};
			buildConfigurationList = 53DC56141FDB9425008FEC1F /* Build configuration list for PBXProject "StarRez" */;
			compatibilityVersion = "Xcode 8.0";
			developmentRegion = en;
			hasScannedForEncodings = 0;
			knownRegions = (
				en,
				Base,
			);
			mainGroup = 53DC56101FDB9425008FEC1F;
			productRefGroup = 53DC561A1FDB9425008FEC1F /* Products */;
			projectDirPath = "";
			projectRoot = "";
			targets = (
				53DC56181FDB9425008FEC1F /* StarRez */,
				53DC562E1FDB9425008FEC1F /* StarRezTests */,
				53DC56391FDB9425008FEC1F /* StarRezUITests */,
			);
		};
/* End PBXProject section */

/* Begin PBXResourcesBuildPhase section */
		53DC56171FDB9425008FEC1F /* Resources */ = {
			isa = PBXResourcesBuildPhase;
			buildActionMask = 2147483647;
			files = (
				53DC56291FDB9425008FEC1F /* LaunchScreen.storyboard in Resources */,
				53DC56261FDB9425008FEC1F /* Assets.xcassets in Resources */,
				53DC56241FDB9425008FEC1F /* Main.storyboard in Resources */,
			);
			runOnlyForDeploymentPostprocessing = 0;
		};
		53DC562D1FDB9425008FEC1F /* Resources */ = {
			isa = PBXResourcesBuildPhase;
			buildActionMask = 2147483647;
			files = (
			);
			runOnlyForDeploymentPostprocessing = 0;
		};
		53DC56381FDB9425008FEC1F /* Resources */ = {
			isa = PBXResourcesBuildPhase;
			buildActionMask = 2147483647;
			files = (
			);
			runOnlyForDeploymentPostprocessing = 0;
		};
/* End PBXResourcesBuildPhase section */

/* Begin PBXSourcesBuildPhase section */
		53DC56151FDB9425008FEC1F /* Sources */ = {
			isa = PBXSourcesBuildPhase;
			buildActionMask = 2147483647;
			files = (
				53DC56211FDB9425008FEC1F /* DetailViewController.swift in Sources */,
				53DC561F1FDB9425008FEC1F /* MasterViewController.swift in Sources */,
				53DC561D1FDB9425008FEC1F /* AppDelegate.swift in Sources */,
			);
			runOnlyForDeploymentPostprocessing = 0;
		};
		53DC562B1FDB9425008FEC1F /* Sources */ = {
			isa = PBXSourcesBuildPhase;
			buildActionMask = 2147483647;
			files = (
				53DC56341FDB9425008FEC1F /* StarRezTests.swift in Sources */,
			);
			runOnlyForDeploymentPostprocessing = 0;
		};
		53DC56361FDB9425008FEC1F /* Sources */ = {
			isa = PBXSourcesBuildPhase;
			buildActionMask = 2147483647;
			files = (
				53DC563F1FDB9425008FEC1F /* StarRezUITests.swift in Sources */,
			);
			runOnlyForDeploymentPostprocessing = 0;
		};
/* End PBXSourcesBuildPhase section */

/* Begin PBXTargetDependency section */
		53DC56311FDB9425008FEC1F /* PBXTargetDependency */ = {
			isa = PBXTargetDependency;
			target = 53DC56181FDB9425008FEC1F /* StarRez */;
			targetProxy = 53DC56301FDB9425008FEC1F /* PBXContainerItemProxy */;
		};
		53DC563C1FDB9425008FEC1F /* PBXTargetDependency */ = {
			isa = PBXTargetDependency;
			target = 53DC56181FDB9425008FEC1F /* StarRez */;
			targetProxy = 53DC563B1FDB9425008FEC1F /* PBXContainerItemProxy */;
		};
/* End PBXTargetDependency section */

/* Begin PBXVariantGroup section */
		53DC56221FDB9425008FEC1F /* Main.storyboard */ = {
			isa = PBXVariantGroup;
			children = (
				53DC56231FDB9425008FEC1F /* Base */,
			);
			name = Main.storyboard;
			sourceTree = "<group>";
		};
		53DC56271FDB9425008FEC1F /* LaunchScreen.storyboard */ = {
			isa = PBXVariantGroup;
			children = (
				53DC56281FDB9425008FEC1F /* Base */,
			);
			name = LaunchScreen.storyboard;
			sourceTree = "<group>";
		};
/* End PBXVariantGroup section */

/* Begin XCBuildConfiguration section */
		53DC56411FDB9425008FEC1F /* Debug */ = {
			isa = XCBuildConfiguration;
			buildSettings = {
				ALWAYS_SEARCH_USER_PATHS = NO;
				CLANG_ANALYZER_NONNULL = YES;
				CLANG_ANALYZER_NUMBER_OBJECT_CONVERSION = YES_AGGRESSIVE;
				CLANG_CXX_LANGUAGE_STANDARD = "gnu++14";
				CLANG_CXX_LIBRARY = "libc++";
				CLANG_ENABLE_MODULES = YES;
				CLANG_ENABLE_OBJC_ARC = YES;
				CLANG_WARN_BLOCK_CAPTURE_AUTORELEASING = YES;
				CLANG_WARN_BOOL_CONVERSION = YES;
				CLANG_WARN_COMMA = YES;
				CLANG_WARN_CONSTANT_CONVERSION = YES;
				CLANG_WARN_DIRECT_OBJC_ISA_USAGE = YES_ERROR;
				CLANG_WARN_DOCUMENTATION_COMMENTS = YES;
				CLANG_WARN_EMPTY_BODY = YES;
				CLANG_WARN_ENUM_CONVERSION = YES;
				CLANG_WARN_INFINITE_RECURSION = YES;
				CLANG_WARN_INT_CONVERSION = YES;
				CLANG_WARN_NON_LITERAL_NULL_CONVERSION = YES;
				CLANG_WARN_OBJC_LITERAL_CONVERSION = YES;
				CLANG_WARN_OBJC_ROOT_CLASS = YES_ERROR;
				CLANG_WARN_RANGE_LOOP_ANALYSIS = YES;
				CLANG_WARN_STRICT_PROTOTYPES = YES;
				CLANG_WARN_SUSPICIOUS_MOVE = YES;
				CLANG_WARN_UNGUARDED_AVAILABILITY = YES_AGGRESSIVE;
				CLANG_WARN_UNREACHABLE_CODE = YES;
				CLANG_WARN__DUPLICATE_METHOD_MATCH = YES;
				CODE_SIGN_IDENTITY = "iPhone Developer";
				COPY_PHASE_STRIP = NO;
				DEBUG_INFORMATION_FORMAT = dwarf;
				ENABLE_STRICT_OBJC_MSGSEND = YES;
				ENABLE_TESTABILITY = YES;
				GCC_C_LANGUAGE_STANDARD = gnu11;
				GCC_DYNAMIC_NO_PIC = NO;
				GCC_NO_COMMON_BLOCKS = YES;
				GCC_OPTIMIZATION_LEVEL = 0;
				GCC_PREPROCESSOR_DEFINITIONS = (
					"DEBUG=1",
					"$(inherited)",
				);
				GCC_WARN_64_TO_32_BIT_CONVERSION = YES;
				GCC_WARN_ABOUT_RETURN_TYPE = YES_ERROR;
				GCC_WARN_UNDECLARED_SELECTOR = YES;
				GCC_WARN_UNINITIALIZED_AUTOS = YES_AGGRESSIVE;
				GCC_WARN_UNUSED_FUNCTION = YES;
				GCC_WARN_UNUSED_VARIABLE = YES;
				IPHONEOS_DEPLOYMENT_TARGET = 11.1;
				MTL_ENABLE_DEBUG_INFO = YES;
				ONLY_ACTIVE_ARCH = YES;
				SDKROOT = iphoneos;
				SWIFT_ACTIVE_COMPILATION_CONDITIONS = DEBUG;
				SWIFT_OPTIMIZATION_LEVEL = "-Onone";
			};
			name = Debug;
		};
		53DC56421FDB9425008FEC1F /* Release */ = {
			isa = XCBuildConfiguration;
			buildSettings = {
				ALWAYS_SEARCH_USER_PATHS = NO;
				CLANG_ANALYZER_NONNULL = YES;
				CLANG_ANALYZER_NUMBER_OBJECT_CONVERSION = YES_AGGRESSIVE;
				CLANG_CXX_LANGUAGE_STANDARD = "gnu++14";
				CLANG_CXX_LIBRARY = "libc++";
				CLANG_ENABLE_MODULES = YES;
				CLANG_ENABLE_OBJC_ARC = YES;
				CLANG_WARN_BLOCK_CAPTURE_AUTORELEASING = YES;
				CLANG_WARN_BOOL_CONVERSION = YES;
				CLANG_WARN_COMMA = YES;
				CLANG_WARN_CONSTANT_CONVERSION = YES;
				CLANG_WARN_DIRECT_OBJC_ISA_USAGE = YES_ERROR;
				CLANG_WARN_DOCUMENTATION_COMMENTS = YES;
				CLANG_WARN_EMPTY_BODY = YES;
				CLANG_WARN_ENUM_CONVERSION = YES;
				CLANG_WARN_INFINITE_RECURSION = YES;
				CLANG_WARN_INT_CONVERSION = YES;
				CLANG_WARN_NON_LITERAL_NULL_CONVERSION = YES;
				CLANG_WARN_OBJC_LITERAL_CONVERSION = YES;
				CLANG_WARN_OBJC_ROOT_CLASS = YES_ERROR;
				CLANG_WARN_RANGE_LOOP_ANALYSIS = YES;
				CLANG_WARN_STRICT_PROTOTYPES = YES;
				CLANG_WARN_SUSPICIOUS_MOVE = YES;
				CLANG_WARN_UNGUARDED_AVAILABILITY = YES_AGGRESSIVE;
				CLANG_WARN_UNREACHABLE_CODE = YES;
				CLANG_WARN__DUPLICATE_METHOD_MATCH = YES;
				CODE_SIGN_IDENTITY = "iPhone Developer";
				COPY_PHASE_STRIP = NO;
				DEBUG_INFORMATION_FORMAT = "dwarf-with-dsym";
				ENABLE_NS_ASSERTIONS = NO;
				ENABLE_STRICT_OBJC_MSGSEND = YES;
				GCC_C_LANGUAGE_STANDARD = gnu11;
				GCC_NO_COMMON_BLOCKS = YES;
				GCC_WARN_64_TO_32_BIT_CONVERSION = YES;
				GCC_WARN_ABOUT_RETURN_TYPE = YES_ERROR;
				GCC_WARN_UNDECLARED_SELECTOR = YES;
				GCC_WARN_UNINITIALIZED_AUTOS = YES_AGGRESSIVE;
				GCC_WARN_UNUSED_FUNCTION = YES;
				GCC_WARN_UNUSED_VARIABLE = YES;
				IPHONEOS_DEPLOYMENT_TARGET = 11.1;
				MTL_ENABLE_DEBUG_INFO = NO;
				SDKROOT = iphoneos;
				SWIFT_OPTIMIZATION_LEVEL = "-Owholemodule";
				VALIDATE_PRODUCT = YES;
			};
			name = Release;
		};
		53DC56441FDB9425008FEC1F /* Debug */ = {
			isa = XCBuildConfiguration;
			buildSettings = {
				ASSETCATALOG_COMPILER_APPICON_NAME = AppIcon;
				CODE_SIGN_STYLE = Automatic;
				INFOPLIST_FILE = StarRez/Info.plist;
				LD_RUNPATH_SEARCH_PATHS = "$(inherited) @executable_path/Frameworks";
				PRODUCT_BUNDLE_IDENTIFIER = edu.williams.StarRez;
				PRODUCT_NAME = "$(TARGET_NAME)";
				SWIFT_VERSION = 4.0;
				TARGETED_DEVICE_FAMILY = "1,2";
			};
			name = Debug;
		};
		53DC56451FDB9425008FEC1F /* Release */ = {
			isa = XCBuildConfiguration;
			buildSettings = {
				ASSETCATALOG_COMPILER_APPICON_NAME = AppIcon;
				CODE_SIGN_STYLE = Automatic;
				INFOPLIST_FILE = StarRez/Info.plist;
				LD_RUNPATH_SEARCH_PATHS = "$(inherited) @executable_path/Frameworks";
				PRODUCT_BUNDLE_IDENTIFIER = edu.williams.StarRez;
				PRODUCT_NAME = "$(TARGET_NAME)";
				SWIFT_VERSION = 4.0;
				TARGETED_DEVICE_FAMILY = "1,2";
			};
			name = Release;
		};
		53DC56471FDB9425008FEC1F /* Debug */ = {
			isa = XCBuildConfiguration;
			buildSettings = {
				ALWAYS_EMBED_SWIFT_STANDARD_LIBRARIES = YES;
				BUNDLE_LOADER = "$(TEST_HOST)";
				CODE_SIGN_STYLE = Automatic;
				INFOPLIST_FILE = StarRezTests/Info.plist;
				LD_RUNPATH_SEARCH_PATHS = "$(inherited) @executable_path/Frameworks @loader_path/Frameworks";
				PRODUCT_BUNDLE_IDENTIFIER = edu.williams.StarRezTests;
				PRODUCT_NAME = "$(TARGET_NAME)";
				SWIFT_VERSION = 4.0;
				TARGETED_DEVICE_FAMILY = "1,2";
				TEST_HOST = "$(BUILT_PRODUCTS_DIR)/StarRez.app/StarRez";
			};
			name = Debug;
		};
		53DC56481FDB9425008FEC1F /* Release */ = {
			isa = XCBuildConfiguration;
			buildSettings = {
				ALWAYS_EMBED_SWIFT_STANDARD_LIBRARIES = YES;
				BUNDLE_LOADER = "$(TEST_HOST)";
				CODE_SIGN_STYLE = Automatic;
				INFOPLIST_FILE = StarRezTests/Info.plist;
				LD_RUNPATH_SEARCH_PATHS = "$(inherited) @executable_path/Frameworks @loader_path/Frameworks";
				PRODUCT_BUNDLE_IDENTIFIER = edu.williams.StarRezTests;
				PRODUCT_NAME = "$(TARGET_NAME)";
				SWIFT_VERSION = 4.0;
				TARGETED_DEVICE_FAMILY = "1,2";
				TEST_HOST = "$(BUILT_PRODUCTS_DIR)/StarRez.app/StarRez";
			};
			name = Release;
		};
		53DC564A1FDB9425008FEC1F /* Debug */ = {
			isa = XCBuildConfiguration;
			buildSettings = {
				ALWAYS_EMBED_SWIFT_STANDARD_LIBRARIES = YES;
				CODE_SIGN_STYLE = Automatic;
				INFOPLIST_FILE = StarRezUITests/Info.plist;
				LD_RUNPATH_SEARCH_PATHS = "$(inherited) @executable_path/Frameworks @loader_path/Frameworks";
				PRODUCT_BUNDLE_IDENTIFIER = edu.williams.StarRezUITests;
				PRODUCT_NAME = "$(TARGET_NAME)";
				SWIFT_VERSION = 4.0;
				TARGETED_DEVICE_FAMILY = "1,2";
				TEST_TARGET_NAME = StarRez;
			};
			name = Debug;
		};
		53DC564B1FDB9425008FEC1F /* Release */ = {
			isa = XCBuildConfiguration;
			buildSettings = {
				ALWAYS_EMBED_SWIFT_STANDARD_LIBRARIES = YES;
				CODE_SIGN_STYLE = Automatic;
				INFOPLIST_FILE = StarRezUITests/Info.plist;
				LD_RUNPATH_SEARCH_PATHS = "$(inherited) @executable_path/Frameworks @loader_path/Frameworks";
				PRODUCT_BUNDLE_IDENTIFIER = edu.williams.StarRezUITests;
				PRODUCT_NAME = "$(TARGET_NAME)";
				SWIFT_VERSION = 4.0;
				TARGETED_DEVICE_FAMILY = "1,2";
				TEST_TARGET_NAME = StarRez;
			};
			name = Release;
		};
/* End XCBuildConfiguration section */

/* Begin XCConfigurationList section */
		53DC56141FDB9425008FEC1F /* Build configuration list for PBXProject "StarRez" */ = {
			isa = XCConfigurationList;
			buildConfigurations = (
				53DC56411FDB9425008FEC1F /* Debug */,
				53DC56421FDB9425008FEC1F /* Release */,
			);
			defaultConfigurationIsVisible = 0;
			defaultConfigurationName = Release;
		};
		53DC56431FDB9425008FEC1F /* Build configuration list for PBXNativeTarget "StarRez" */ = {
			isa = XCConfigurationList;
			buildConfigurations = (
				53DC56441FDB9425008FEC1F /* Debug */,
				53DC56451FDB9425008FEC1F /* Release */,
			);
			defaultConfigurationIsVisible = 0;
			defaultConfigurationName = Release;
		};
		53DC56461FDB9425008FEC1F /* Build configuration list for PBXNativeTarget "StarRezTests" */ = {
			isa = XCConfigurationList;
			buildConfigurations = (
				53DC56471FDB9425008FEC1F /* Debug */,
				53DC56481FDB9425008FEC1F /* Release */,
			);
			defaultConfigurationIsVisible = 0;
			defaultConfigurationName = Release;
		};
		53DC56491FDB9425008FEC1F /* Build configuration list for PBXNativeTarget "StarRezUITests" */ = {
			isa = XCConfigurationList;
			buildConfigurations = (
				53DC564A1FDB9425008FEC1F /* Debug */,
				53DC564B1FDB9425008FEC1F /* Release */,
			);
			defaultConfigurationIsVisible = 0;
			defaultConfigurationName = Release;
		};
/* End XCConfigurationList section */
	};
	rootObject = 53DC56111FDB9425008FEC1F /* Project object */;
}
