// !$*UTF8*$!
{
	archiveVersion = 1;
	classes = {
	};
	objectVersion = 48;
	objects = {

/* Begin PBXBuildFile section */
		5358ADF71FDDDC980013CE8A /* ClarendonLtBTLight.ttf in Resources */ = {isa = PBXBuildFile; fileRef = 5358ADF61FDDDC980013CE8A /* ClarendonLtBTLight.ttf */; };
		53A3A6601FDDD24300BF28E0 /* AppDelegate.swift in Sources */ = {isa = PBXBuildFile; fileRef = 53A3A65F1FDDD24300BF28E0 /* AppDelegate.swift */; };
		53A3A6621FDDD24300BF28E0 /* ViewController.swift in Sources */ = {isa = PBXBuildFile; fileRef = 53A3A6611FDDD24300BF28E0 /* ViewController.swift */; };
		53A3A6651FDDD24300BF28E0 /* Main.storyboard in Resources */ = {isa = PBXBuildFile; fileRef = 53A3A6631FDDD24300BF28E0 /* Main.storyboard */; };
		53A3A6671FDDD24300BF28E0 /* Assets.xcassets in Resources */ = {isa = PBXBuildFile; fileRef = 53A3A6661FDDD24300BF28E0 /* Assets.xcassets */; };
		53A3A66A1FDDD24300BF28E0 /* LaunchScreen.storyboard in Resources */ = {isa = PBXBuildFile; fileRef = 53A3A6681FDDD24300BF28E0 /* LaunchScreen.storyboard */; };
		53A3A6751FDDD24300BF28E0 /* CS_Rest_LoginTests.swift in Sources */ = {isa = PBXBuildFile; fileRef = 53A3A6741FDDD24300BF28E0 /* CS_Rest_LoginTests.swift */; };
		53A3A6801FDDD24300BF28E0 /* CS_Rest_LoginUITests.swift in Sources */ = {isa = PBXBuildFile; fileRef = 53A3A67F1FDDD24300BF28E0 /* CS_Rest_LoginUITests.swift */; };
/* End PBXBuildFile section */

/* Begin PBXContainerItemProxy section */
		53A3A6711FDDD24300BF28E0 /* PBXContainerItemProxy */ = {
			isa = PBXContainerItemProxy;
			containerPortal = 53A3A6541FDDD24300BF28E0 /* Project object */;
			proxyType = 1;
			remoteGlobalIDString = 53A3A65B1FDDD24300BF28E0;
			remoteInfo = "CS Rest Login";
		};
		53A3A67C1FDDD24300BF28E0 /* PBXContainerItemProxy */ = {
			isa = PBXContainerItemProxy;
			containerPortal = 53A3A6541FDDD24300BF28E0 /* Project object */;
			proxyType = 1;
			remoteGlobalIDString = 53A3A65B1FDDD24300BF28E0;
			remoteInfo = "CS Rest Login";
		};
/* End PBXContainerItemProxy section */

/* Begin PBXFileReference section */
		5358ADF61FDDDC980013CE8A /* ClarendonLtBTLight.ttf */ = {isa = PBXFileReference; lastKnownFileType = file; path = ClarendonLtBTLight.ttf; sourceTree = "<group>"; };
		53A3A65C1FDDD24300BF28E0 /* CS Rest Login.app */ = {isa = PBXFileReference; explicitFileType = wrapper.application; includeInIndex = 0; path = "CS Rest Login.app"; sourceTree = BUILT_PRODUCTS_DIR; };
		53A3A65F1FDDD24300BF28E0 /* AppDelegate.swift */ = {isa = PBXFileReference; lastKnownFileType = sourcecode.swift; path = AppDelegate.swift; sourceTree = "<group>"; };
		53A3A6611FDDD24300BF28E0 /* ViewController.swift */ = {isa = PBXFileReference; lastKnownFileType = sourcecode.swift; path = ViewController.swift; sourceTree = "<group>"; };
		53A3A6641FDDD24300BF28E0 /* Base */ = {isa = PBXFileReference; lastKnownFileType = file.storyboard; name = Base; path = Base.lproj/Main.storyboard; sourceTree = "<group>"; };
		53A3A6661FDDD24300BF28E0 /* Assets.xcassets */ = {isa = PBXFileReference; lastKnownFileType = folder.assetcatalog; path = Assets.xcassets; sourceTree = "<group>"; };
		53A3A6691FDDD24300BF28E0 /* Base */ = {isa = PBXFileReference; lastKnownFileType = file.storyboard; name = Base; path = Base.lproj/LaunchScreen.storyboard; sourceTree = "<group>"; };
		53A3A66B1FDDD24300BF28E0 /* Info.plist */ = {isa = PBXFileReference; lastKnownFileType = text.plist.xml; path = Info.plist; sourceTree = "<group>"; };
		53A3A6701FDDD24300BF28E0 /* CS Rest LoginTests.xctest */ = {isa = PBXFileReference; explicitFileType = wrapper.cfbundle; includeInIndex = 0; path = "CS Rest LoginTests.xctest"; sourceTree = BUILT_PRODUCTS_DIR; };
		53A3A6741FDDD24300BF28E0 /* CS_Rest_LoginTests.swift */ = {isa = PBXFileReference; lastKnownFileType = sourcecode.swift; path = CS_Rest_LoginTests.swift; sourceTree = "<group>"; };
		53A3A6761FDDD24300BF28E0 /* Info.plist */ = {isa = PBXFileReference; lastKnownFileType = text.plist.xml; path = Info.plist; sourceTree = "<group>"; };
		53A3A67B1FDDD24300BF28E0 /* CS Rest LoginUITests.xctest */ = {isa = PBXFileReference; explicitFileType = wrapper.cfbundle; includeInIndex = 0; path = "CS Rest LoginUITests.xctest"; sourceTree = BUILT_PRODUCTS_DIR; };
		53A3A67F1FDDD24300BF28E0 /* CS_Rest_LoginUITests.swift */ = {isa = PBXFileReference; lastKnownFileType = sourcecode.swift; path = CS_Rest_LoginUITests.swift; sourceTree = "<group>"; };
		53A3A6811FDDD24300BF28E0 /* Info.plist */ = {isa = PBXFileReference; lastKnownFileType = text.plist.xml; path = Info.plist; sourceTree = "<group>"; };
/* End PBXFileReference section */

/* Begin PBXFrameworksBuildPhase section */
		53A3A6591FDDD24300BF28E0 /* Frameworks */ = {
			isa = PBXFrameworksBuildPhase;
			buildActionMask = 2147483647;
			files = (
			);
			runOnlyForDeploymentPostprocessing = 0;
		};
		53A3A66D1FDDD24300BF28E0 /* Frameworks */ = {
			isa = PBXFrameworksBuildPhase;
			buildActionMask = 2147483647;
			files = (
			);
			runOnlyForDeploymentPostprocessing = 0;
		};
		53A3A6781FDDD24300BF28E0 /* Frameworks */ = {
			isa = PBXFrameworksBuildPhase;
			buildActionMask = 2147483647;
			files = (
			);
			runOnlyForDeploymentPostprocessing = 0;
		};
/* End PBXFrameworksBuildPhase section */

/* Begin PBXGroup section */
		5358ADF51FDDDBD90013CE8A /* Resources */ = {
			isa = PBXGroup;
			children = (
				5358ADF61FDDDC980013CE8A /* ClarendonLtBTLight.ttf */,
			);
			path = Resources;
			sourceTree = "<group>";
		};
		53A3A6531FDDD24300BF28E0 = {
			isa = PBXGroup;
			children = (
				5358ADF51FDDDBD90013CE8A /* Resources */,
				53A3A65E1FDDD24300BF28E0 /* CS Rest Login */,
				53A3A6731FDDD24300BF28E0 /* CS Rest LoginTests */,
				53A3A67E1FDDD24300BF28E0 /* CS Rest LoginUITests */,
				53A3A65D1FDDD24300BF28E0 /* Products */,
			);
			sourceTree = "<group>";
		};
		53A3A65D1FDDD24300BF28E0 /* Products */ = {
			isa = PBXGroup;
			children = (
				53A3A65C1FDDD24300BF28E0 /* CS Rest Login.app */,
				53A3A6701FDDD24300BF28E0 /* CS Rest LoginTests.xctest */,
				53A3A67B1FDDD24300BF28E0 /* CS Rest LoginUITests.xctest */,
			);
			name = Products;
			sourceTree = "<group>";
		};
		53A3A65E1FDDD24300BF28E0 /* CS Rest Login */ = {
			isa = PBXGroup;
			children = (
				53A3A65F1FDDD24300BF28E0 /* AppDelegate.swift */,
				53A3A6611FDDD24300BF28E0 /* ViewController.swift */,
				53A3A6631FDDD24300BF28E0 /* Main.storyboard */,
				53A3A6661FDDD24300BF28E0 /* Assets.xcassets */,
				53A3A6681FDDD24300BF28E0 /* LaunchScreen.storyboard */,
				53A3A66B1FDDD24300BF28E0 /* Info.plist */,
			);
			path = "CS Rest Login";
			sourceTree = "<group>";
		};
		53A3A6731FDDD24300BF28E0 /* CS Rest LoginTests */ = {
			isa = PBXGroup;
			children = (
				53A3A6741FDDD24300BF28E0 /* CS_Rest_LoginTests.swift */,
				53A3A6761FDDD24300BF28E0 /* Info.plist */,
			);
			path = "CS Rest LoginTests";
			sourceTree = "<group>";
		};
		53A3A67E1FDDD24300BF28E0 /* CS Rest LoginUITests */ = {
			isa = PBXGroup;
			children = (
				53A3A67F1FDDD24300BF28E0 /* CS_Rest_LoginUITests.swift */,
				53A3A6811FDDD24300BF28E0 /* Info.plist */,
			);
			path = "CS Rest LoginUITests";
			sourceTree = "<group>";
		};
/* End PBXGroup section */

/* Begin PBXNativeTarget section */
		53A3A65B1FDDD24300BF28E0 /* CS Rest Login */ = {
			isa = PBXNativeTarget;
			buildConfigurationList = 53A3A6841FDDD24300BF28E0 /* Build configuration list for PBXNativeTarget "CS Rest Login" */;
			buildPhases = (
				53A3A6581FDDD24300BF28E0 /* Sources */,
				53A3A6591FDDD24300BF28E0 /* Frameworks */,
				53A3A65A1FDDD24300BF28E0 /* Resources */,
			);
			buildRules = (
			);
			dependencies = (
			);
			name = "CS Rest Login";
			productName = "CS Rest Login";
			productReference = 53A3A65C1FDDD24300BF28E0 /* CS Rest Login.app */;
			productType = "com.apple.product-type.application";
		};
		53A3A66F1FDDD24300BF28E0 /* CS Rest LoginTests */ = {
			isa = PBXNativeTarget;
			buildConfigurationList = 53A3A6871FDDD24300BF28E0 /* Build configuration list for PBXNativeTarget "CS Rest LoginTests" */;
			buildPhases = (
				53A3A66C1FDDD24300BF28E0 /* Sources */,
				53A3A66D1FDDD24300BF28E0 /* Frameworks */,
				53A3A66E1FDDD24300BF28E0 /* Resources */,
			);
			buildRules = (
			);
			dependencies = (
				53A3A6721FDDD24300BF28E0 /* PBXTargetDependency */,
			);
			name = "CS Rest LoginTests";
			productName = "CS Rest LoginTests";
			productReference = 53A3A6701FDDD24300BF28E0 /* CS Rest LoginTests.xctest */;
			productType = "com.apple.product-type.bundle.unit-test";
		};
		53A3A67A1FDDD24300BF28E0 /* CS Rest LoginUITests */ = {
			isa = PBXNativeTarget;
			buildConfigurationList = 53A3A68A1FDDD24300BF28E0 /* Build configuration list for PBXNativeTarget "CS Rest LoginUITests" */;
			buildPhases = (
				53A3A6771FDDD24300BF28E0 /* Sources */,
				53A3A6781FDDD24300BF28E0 /* Frameworks */,
				53A3A6791FDDD24300BF28E0 /* Resources */,
			);
			buildRules = (
			);
			dependencies = (
				53A3A67D1FDDD24300BF28E0 /* PBXTargetDependency */,
			);
			name = "CS Rest LoginUITests";
			productName = "CS Rest LoginUITests";
			productReference = 53A3A67B1FDDD24300BF28E0 /* CS Rest LoginUITests.xctest */;
			productType = "com.apple.product-type.bundle.ui-testing";
		};
/* End PBXNativeTarget section */

/* Begin PBXProject section */
		53A3A6541FDDD24300BF28E0 /* Project object */ = {
			isa = PBXProject;
			attributes = {
				LastSwiftUpdateCheck = 0910;
				LastUpgradeCheck = 0910;
				ORGANIZATIONNAME = gj3;
				TargetAttributes = {
					53A3A65B1FDDD24300BF28E0 = {
						CreatedOnToolsVersion = 9.1;
						ProvisioningStyle = Automatic;
					};
					53A3A66F1FDDD24300BF28E0 = {
						CreatedOnToolsVersion = 9.1;
						ProvisioningStyle = Automatic;
						TestTargetID = 53A3A65B1FDDD24300BF28E0;
					};
					53A3A67A1FDDD24300BF28E0 = {
						CreatedOnToolsVersion = 9.1;
						ProvisioningStyle = Automatic;
						TestTargetID = 53A3A65B1FDDD24300BF28E0;
					};
				};
			};
			buildConfigurationList = 53A3A6571FDDD24300BF28E0 /* Build configuration list for PBXProject "CS Rest Login" */;
			compatibilityVersion = "Xcode 8.0";
			developmentRegion = en;
			hasScannedForEncodings = 0;
			knownRegions = (
				en,
				Base,
			);
			mainGroup = 53A3A6531FDDD24300BF28E0;
			productRefGroup = 53A3A65D1FDDD24300BF28E0 /* Products */;
			projectDirPath = "";
			projectRoot = "";
			targets = (
				53A3A65B1FDDD24300BF28E0 /* CS Rest Login */,
				53A3A66F1FDDD24300BF28E0 /* CS Rest LoginTests */,
				53A3A67A1FDDD24300BF28E0 /* CS Rest LoginUITests */,
			);
		};
/* End PBXProject section */

/* Begin PBXResourcesBuildPhase section */
		53A3A65A1FDDD24300BF28E0 /* Resources */ = {
			isa = PBXResourcesBuildPhase;
			buildActionMask = 2147483647;
			files = (
				53A3A66A1FDDD24300BF28E0 /* LaunchScreen.storyboard in Resources */,
				53A3A6671FDDD24300BF28E0 /* Assets.xcassets in Resources */,
				5358ADF71FDDDC980013CE8A /* ClarendonLtBTLight.ttf in Resources */,
				53A3A6651FDDD24300BF28E0 /* Main.storyboard in Resources */,
			);
			runOnlyForDeploymentPostprocessing = 0;
		};
		53A3A66E1FDDD24300BF28E0 /* Resources */ = {
			isa = PBXResourcesBuildPhase;
			buildActionMask = 2147483647;
			files = (
			);
			runOnlyForDeploymentPostprocessing = 0;
		};
		53A3A6791FDDD24300BF28E0 /* Resources */ = {
			isa = PBXResourcesBuildPhase;
			buildActionMask = 2147483647;
			files = (
			);
			runOnlyForDeploymentPostprocessing = 0;
		};
/* End PBXResourcesBuildPhase section */

/* Begin PBXSourcesBuildPhase section */
		53A3A6581FDDD24300BF28E0 /* Sources */ = {
			isa = PBXSourcesBuildPhase;
			buildActionMask = 2147483647;
			files = (
				53A3A6621FDDD24300BF28E0 /* ViewController.swift in Sources */,
				53A3A6601FDDD24300BF28E0 /* AppDelegate.swift in Sources */,
			);
			runOnlyForDeploymentPostprocessing = 0;
		};
		53A3A66C1FDDD24300BF28E0 /* Sources */ = {
			isa = PBXSourcesBuildPhase;
			buildActionMask = 2147483647;
			files = (
				53A3A6751FDDD24300BF28E0 /* CS_Rest_LoginTests.swift in Sources */,
			);
			runOnlyForDeploymentPostprocessing = 0;
		};
		53A3A6771FDDD24300BF28E0 /* Sources */ = {
			isa = PBXSourcesBuildPhase;
			buildActionMask = 2147483647;
			files = (
				53A3A6801FDDD24300BF28E0 /* CS_Rest_LoginUITests.swift in Sources */,
			);
			runOnlyForDeploymentPostprocessing = 0;
		};
/* End PBXSourcesBuildPhase section */

/* Begin PBXTargetDependency section */
		53A3A6721FDDD24300BF28E0 /* PBXTargetDependency */ = {
			isa = PBXTargetDependency;
			target = 53A3A65B1FDDD24300BF28E0 /* CS Rest Login */;
			targetProxy = 53A3A6711FDDD24300BF28E0 /* PBXContainerItemProxy */;
		};
		53A3A67D1FDDD24300BF28E0 /* PBXTargetDependency */ = {
			isa = PBXTargetDependency;
			target = 53A3A65B1FDDD24300BF28E0 /* CS Rest Login */;
			targetProxy = 53A3A67C1FDDD24300BF28E0 /* PBXContainerItemProxy */;
		};
/* End PBXTargetDependency section */

/* Begin PBXVariantGroup section */
		53A3A6631FDDD24300BF28E0 /* Main.storyboard */ = {
			isa = PBXVariantGroup;
			children = (
				53A3A6641FDDD24300BF28E0 /* Base */,
			);
			name = Main.storyboard;
			sourceTree = "<group>";
		};
		53A3A6681FDDD24300BF28E0 /* LaunchScreen.storyboard */ = {
			isa = PBXVariantGroup;
			children = (
				53A3A6691FDDD24300BF28E0 /* Base */,
			);
			name = LaunchScreen.storyboard;
			sourceTree = "<group>";
		};
/* End PBXVariantGroup section */

/* Begin XCBuildConfiguration section */
		53A3A6821FDDD24300BF28E0 /* Debug */ = {
			isa = XCBuildConfiguration;
			buildSettings = {
				ALWAYS_SEARCH_USER_PATHS = NO;
				CLANG_ANALYZER_NONNULL = YES;
				CLANG_ANALYZER_NUMBER_OBJECT_CONVERSION = YES_AGGRESSIVE;
				CLANG_CXX_LANGUAGE_STANDARD = "gnu++14";
				CLANG_CXX_LIBRARY = "libc++";
				CLANG_ENABLE_MODULES = YES;
				CLANG_ENABLE_OBJC_ARC = YES;
				CLANG_WARN_BLOCK_CAPTURE_AUTORELEASING = YES;
				CLANG_WARN_BOOL_CONVERSION = YES;
				CLANG_WARN_COMMA = YES;
				CLANG_WARN_CONSTANT_CONVERSION = YES;
				CLANG_WARN_DIRECT_OBJC_ISA_USAGE = YES_ERROR;
				CLANG_WARN_DOCUMENTATION_COMMENTS = YES;
				CLANG_WARN_EMPTY_BODY = YES;
				CLANG_WARN_ENUM_CONVERSION = YES;
				CLANG_WARN_INFINITE_RECURSION = YES;
				CLANG_WARN_INT_CONVERSION = YES;
				CLANG_WARN_NON_LITERAL_NULL_CONVERSION = YES;
				CLANG_WARN_OBJC_LITERAL_CONVERSION = YES;
				CLANG_WARN_OBJC_ROOT_CLASS = YES_ERROR;
				CLANG_WARN_RANGE_LOOP_ANALYSIS = YES;
				CLANG_WARN_STRICT_PROTOTYPES = YES;
				CLANG_WARN_SUSPICIOUS_MOVE = YES;
				CLANG_WARN_UNGUARDED_AVAILABILITY = YES_AGGRESSIVE;
				CLANG_WARN_UNREACHABLE_CODE = YES;
				CLANG_WARN__DUPLICATE_METHOD_MATCH = YES;
				CODE_SIGN_IDENTITY = "iPhone Developer";
				COPY_PHASE_STRIP = NO;
				DEBUG_INFORMATION_FORMAT = dwarf;
				ENABLE_STRICT_OBJC_MSGSEND = YES;
				ENABLE_TESTABILITY = YES;
				GCC_C_LANGUAGE_STANDARD = gnu11;
				GCC_DYNAMIC_NO_PIC = NO;
				GCC_NO_COMMON_BLOCKS = YES;
				GCC_OPTIMIZATION_LEVEL = 0;
				GCC_PREPROCESSOR_DEFINITIONS = (
					"DEBUG=1",
					"$(inherited)",
				);
				GCC_WARN_64_TO_32_BIT_CONVERSION = YES;
				GCC_WARN_ABOUT_RETURN_TYPE = YES_ERROR;
				GCC_WARN_UNDECLARED_SELECTOR = YES;
				GCC_WARN_UNINITIALIZED_AUTOS = YES_AGGRESSIVE;
				GCC_WARN_UNUSED_FUNCTION = YES;
				GCC_WARN_UNUSED_VARIABLE = YES;
				IPHONEOS_DEPLOYMENT_TARGET = 11.1;
				MTL_ENABLE_DEBUG_INFO = YES;
				ONLY_ACTIVE_ARCH = YES;
				SDKROOT = iphoneos;
				SWIFT_ACTIVE_COMPILATION_CONDITIONS = DEBUG;
				SWIFT_OPTIMIZATION_LEVEL = "-Onone";
			};
			name = Debug;
		};
		53A3A6831FDDD24300BF28E0 /* Release */ = {
			isa = XCBuildConfiguration;
			buildSettings = {
				ALWAYS_SEARCH_USER_PATHS = NO;
				CLANG_ANALYZER_NONNULL = YES;
				CLANG_ANALYZER_NUMBER_OBJECT_CONVERSION = YES_AGGRESSIVE;
				CLANG_CXX_LANGUAGE_STANDARD = "gnu++14";
				CLANG_CXX_LIBRARY = "libc++";
				CLANG_ENABLE_MODULES = YES;
				CLANG_ENABLE_OBJC_ARC = YES;
				CLANG_WARN_BLOCK_CAPTURE_AUTORELEASING = YES;
				CLANG_WARN_BOOL_CONVERSION = YES;
				CLANG_WARN_COMMA = YES;
				CLANG_WARN_CONSTANT_CONVERSION = YES;
				CLANG_WARN_DIRECT_OBJC_ISA_USAGE = YES_ERROR;
				CLANG_WARN_DOCUMENTATION_COMMENTS = YES;
				CLANG_WARN_EMPTY_BODY = YES;
				CLANG_WARN_ENUM_CONVERSION = YES;
				CLANG_WARN_INFINITE_RECURSION = YES;
				CLANG_WARN_INT_CONVERSION = YES;
				CLANG_WARN_NON_LITERAL_NULL_CONVERSION = YES;
				CLANG_WARN_OBJC_LITERAL_CONVERSION = YES;
				CLANG_WARN_OBJC_ROOT_CLASS = YES_ERROR;
				CLANG_WARN_RANGE_LOOP_ANALYSIS = YES;
				CLANG_WARN_STRICT_PROTOTYPES = YES;
				CLANG_WARN_SUSPICIOUS_MOVE = YES;
				CLANG_WARN_UNGUARDED_AVAILABILITY = YES_AGGRESSIVE;
				CLANG_WARN_UNREACHABLE_CODE = YES;
				CLANG_WARN__DUPLICATE_METHOD_MATCH = YES;
				CODE_SIGN_IDENTITY = "iPhone Developer";
				COPY_PHASE_STRIP = NO;
				DEBUG_INFORMATION_FORMAT = "dwarf-with-dsym";
				ENABLE_NS_ASSERTIONS = NO;
				ENABLE_STRICT_OBJC_MSGSEND = YES;
				GCC_C_LANGUAGE_STANDARD = gnu11;
				GCC_NO_COMMON_BLOCKS = YES;
				GCC_WARN_64_TO_32_BIT_CONVERSION = YES;
				GCC_WARN_ABOUT_RETURN_TYPE = YES_ERROR;
				GCC_WARN_UNDECLARED_SELECTOR = YES;
				GCC_WARN_UNINITIALIZED_AUTOS = YES_AGGRESSIVE;
				GCC_WARN_UNUSED_FUNCTION = YES;
				GCC_WARN_UNUSED_VARIABLE = YES;
				IPHONEOS_DEPLOYMENT_TARGET = 11.1;
				MTL_ENABLE_DEBUG_INFO = NO;
				SDKROOT = iphoneos;
				SWIFT_OPTIMIZATION_LEVEL = "-Owholemodule";
				VALIDATE_PRODUCT = YES;
			};
			name = Release;
		};
		53A3A6851FDDD24300BF28E0 /* Debug */ = {
			isa = XCBuildConfiguration;
			buildSettings = {
				ASSETCATALOG_COMPILER_APPICON_NAME = AppIcon;
				CODE_SIGN_STYLE = Automatic;
				INFOPLIST_FILE = "CS Rest Login/Info.plist";
				LD_RUNPATH_SEARCH_PATHS = "$(inherited) @executable_path/Frameworks";
				PRODUCT_BUNDLE_IDENTIFIER = "edu.williams.CS-Rest-Login";
				PRODUCT_NAME = "$(TARGET_NAME)";
				SWIFT_VERSION = 4.0;
				TARGETED_DEVICE_FAMILY = "1,2";
			};
			name = Debug;
		};
		53A3A6861FDDD24300BF28E0 /* Release */ = {
			isa = XCBuildConfiguration;
			buildSettings = {
				ASSETCATALOG_COMPILER_APPICON_NAME = AppIcon;
				CODE_SIGN_STYLE = Automatic;
				INFOPLIST_FILE = "CS Rest Login/Info.plist";
				LD_RUNPATH_SEARCH_PATHS = "$(inherited) @executable_path/Frameworks";
				PRODUCT_BUNDLE_IDENTIFIER = "edu.williams.CS-Rest-Login";
				PRODUCT_NAME = "$(TARGET_NAME)";
				SWIFT_VERSION = 4.0;
				TARGETED_DEVICE_FAMILY = "1,2";
			};
			name = Release;
		};
		53A3A6881FDDD24300BF28E0 /* Debug */ = {
			isa = XCBuildConfiguration;
			buildSettings = {
				ALWAYS_EMBED_SWIFT_STANDARD_LIBRARIES = YES;
				BUNDLE_LOADER = "$(TEST_HOST)";
				CODE_SIGN_STYLE = Automatic;
				INFOPLIST_FILE = "CS Rest LoginTests/Info.plist";
				LD_RUNPATH_SEARCH_PATHS = "$(inherited) @executable_path/Frameworks @loader_path/Frameworks";
				PRODUCT_BUNDLE_IDENTIFIER = "edu.williams.CS-Rest-LoginTests";
				PRODUCT_NAME = "$(TARGET_NAME)";
				SWIFT_VERSION = 4.0;
				TARGETED_DEVICE_FAMILY = "1,2";
				TEST_HOST = "$(BUILT_PRODUCTS_DIR)/CS Rest Login.app/CS Rest Login";
			};
			name = Debug;
		};
		53A3A6891FDDD24300BF28E0 /* Release */ = {
			isa = XCBuildConfiguration;
			buildSettings = {
				ALWAYS_EMBED_SWIFT_STANDARD_LIBRARIES = YES;
				BUNDLE_LOADER = "$(TEST_HOST)";
				CODE_SIGN_STYLE = Automatic;
				INFOPLIST_FILE = "CS Rest LoginTests/Info.plist";
				LD_RUNPATH_SEARCH_PATHS = "$(inherited) @executable_path/Frameworks @loader_path/Frameworks";
				PRODUCT_BUNDLE_IDENTIFIER = "edu.williams.CS-Rest-LoginTests";
				PRODUCT_NAME = "$(TARGET_NAME)";
				SWIFT_VERSION = 4.0;
				TARGETED_DEVICE_FAMILY = "1,2";
				TEST_HOST = "$(BUILT_PRODUCTS_DIR)/CS Rest Login.app/CS Rest Login";
			};
			name = Release;
		};
		53A3A68B1FDDD24300BF28E0 /* Debug */ = {
			isa = XCBuildConfiguration;
			buildSettings = {
				ALWAYS_EMBED_SWIFT_STANDARD_LIBRARIES = YES;
				CODE_SIGN_STYLE = Automatic;
				INFOPLIST_FILE = "CS Rest LoginUITests/Info.plist";
				LD_RUNPATH_SEARCH_PATHS = "$(inherited) @executable_path/Frameworks @loader_path/Frameworks";
				PRODUCT_BUNDLE_IDENTIFIER = "edu.williams.CS-Rest-LoginUITests";
				PRODUCT_NAME = "$(TARGET_NAME)";
				SWIFT_VERSION = 4.0;
				TARGETED_DEVICE_FAMILY = "1,2";
				TEST_TARGET_NAME = "CS Rest Login";
			};
			name = Debug;
		};
		53A3A68C1FDDD24300BF28E0 /* Release */ = {
			isa = XCBuildConfiguration;
			buildSettings = {
				ALWAYS_EMBED_SWIFT_STANDARD_LIBRARIES = YES;
				CODE_SIGN_STYLE = Automatic;
				INFOPLIST_FILE = "CS Rest LoginUITests/Info.plist";
				LD_RUNPATH_SEARCH_PATHS = "$(inherited) @executable_path/Frameworks @loader_path/Frameworks";
				PRODUCT_BUNDLE_IDENTIFIER = "edu.williams.CS-Rest-LoginUITests";
				PRODUCT_NAME = "$(TARGET_NAME)";
				SWIFT_VERSION = 4.0;
				TARGETED_DEVICE_FAMILY = "1,2";
				TEST_TARGET_NAME = "CS Rest Login";
			};
			name = Release;
		};
/* End XCBuildConfiguration section */

/* Begin XCConfigurationList section */
		53A3A6571FDDD24300BF28E0 /* Build configuration list for PBXProject "CS Rest Login" */ = {
			isa = XCConfigurationList;
			buildConfigurations = (
				53A3A6821FDDD24300BF28E0 /* Debug */,
				53A3A6831FDDD24300BF28E0 /* Release */,
			);
			defaultConfigurationIsVisible = 0;
			defaultConfigurationName = Release;
		};
		53A3A6841FDDD24300BF28E0 /* Build configuration list for PBXNativeTarget "CS Rest Login" */ = {
			isa = XCConfigurationList;
			buildConfigurations = (
				53A3A6851FDDD24300BF28E0 /* Debug */,
				53A3A6861FDDD24300BF28E0 /* Release */,
			);
			defaultConfigurationIsVisible = 0;
			defaultConfigurationName = Release;
		};
		53A3A6871FDDD24300BF28E0 /* Build configuration list for PBXNativeTarget "CS Rest LoginTests" */ = {
			isa = XCConfigurationList;
			buildConfigurations = (
				53A3A6881FDDD24300BF28E0 /* Debug */,
				53A3A6891FDDD24300BF28E0 /* Release */,
			);
			defaultConfigurationIsVisible = 0;
			defaultConfigurationName = Release;
		};
		53A3A68A1FDDD24300BF28E0 /* Build configuration list for PBXNativeTarget "CS Rest LoginUITests" */ = {
			isa = XCConfigurationList;
			buildConfigurations = (
				53A3A68B1FDDD24300BF28E0 /* Debug */,
				53A3A68C1FDDD24300BF28E0 /* Release */,
			);
			defaultConfigurationIsVisible = 0;
			defaultConfigurationName = Release;
		};
/* End XCConfigurationList section */
	};
	rootObject = 53A3A6541FDDD24300BF28E0 /* Project object */;
}
